
Microsoft Visual Studio Solution File, Format Version 12.00
# Visual Studio Version 17
VisualStudioVersion = 17.0.31903.59
MinimumVisualStudioVersion = 10.0.40219.1
Project("{9A19103F-16F7-4668-BE54-9A1E7A4F7556}") = "MySoapWebService", "MySoapWebService\MySoapWebService.csproj", "{9E1E4C6E-5165-44FB-9734-C0B98EDE85A7}"
EndProject
Project("{9A19103F-16F7-4668-BE54-9A1E7A4F7556}") = "SoapClient", "SoapClient\SoapClient.csproj", "{A659B02B-D434-4029-9647-155590FC7693}"
EndProject
Global
	GlobalSection(SolutionConfigurationPlatforms) = preSolution
		Debug|Any CPU = Debug|Any CPU
		Release|Any CPU = Release|Any CPU
	EndGlobalSection
	GlobalSection(ProjectConfigurationPlatforms) = postSolution
		{9E1E4C6E-5165-44FB-9734-C0B98EDE85A7}.Debug|Any CPU.ActiveCfg = Debug|Any CPU
		{9E1E4C6E-5165-44FB-9734-C0B98EDE85A7}.Debug|Any CPU.Build.0 = Debug|Any CPU
		{9E1E4C6E-5165-44FB-9734-C0B98EDE85A7}.Release|Any CPU.ActiveCfg = Release|Any CPU
		{9E1E4C6E-5165-44FB-9734-C0B98EDE85A7}.Release|Any CPU.Build.0 = Release|Any CPU
		{A659B02B-D434-4029-9647-155590FC7693}.Debug|Any CPU.ActiveCfg = Debug|Any CPU
		{A659B02B-D434-4029-9647-155590FC7693}.Debug|Any CPU.Build.0 = Debug|Any CPU
		{A659B02B-D434-4029-9647-155590FC7693}.Release|Any CPU.ActiveCfg = Release|Any CPU
		{A659B02B-D434-4029-9647-155590FC7693}.Release|Any CPU.Build.0 = Release|Any CPU
	EndGlobalSection
	GlobalSection(SolutionProperties) = preSolution
		HideSolutionNode = FALSE
	EndGlobalSection
	GlobalSection(ExtensibilityGlobals) = postSolution
		SolutionGuid = {4FBE1E79-FFD9-4B49-8752-2F9C36646A1D}
	EndGlobalSection
EndGlobal
